
Microsoft Visual Studio Solution File, Format Version 12.00
# Visual Studio Version 17
VisualStudioVersion = 17.5.33530.505
MinimumVisualStudioVersion = 10.0.40219.1
Project("{9A19103F-16F7-4668-BE54-9A1E7A4F7556}") = "swap_signer", "swap_signer\swap_signer.csproj", "{6C1BC7CA-948D-4DF2-846A-BDD864AC43DE}"
EndProject
Project("{FAE04EC0-301F-11D3-BF4B-00C04F79EFBC}") = "testapi", "testapi\testapi\testapi.csproj", "{C8FBB7D8-3009-4A20-8B81-2ED1EA76AA11}"
EndProject
Global
	GlobalSection(SolutionConfigurationPlatforms) = preSolution
		Debug|Any CPU = Debug|Any CPU
		Release|Any CPU = Release|Any CPU
	EndGlobalSection
	GlobalSection(ProjectConfigurationPlatforms) = postSolution
		{6C1BC7CA-948D-4DF2-846A-BDD864AC43DE}.Debug|Any CPU.ActiveCfg = Debug|Any CPU
		{6C1BC7CA-948D-4DF2-846A-BDD864AC43DE}.Debug|Any CPU.Build.0 = Debug|Any CPU
		{6C1BC7CA-948D-4DF2-846A-BDD864AC43DE}.Release|Any CPU.ActiveCfg = Release|Any CPU
		{6C1BC7CA-948D-4DF2-846A-BDD864AC43DE}.Release|Any CPU.Build.0 = Release|Any CPU
		{C8FBB7D8-3009-4A20-8B81-2ED1EA76AA11}.Debug|Any CPU.ActiveCfg = Debug|Any CPU
		{C8FBB7D8-3009-4A20-8B81-2ED1EA76AA11}.Debug|Any CPU.Build.0 = Debug|Any CPU
		{C8FBB7D8-3009-4A20-8B81-2ED1EA76AA11}.Release|Any CPU.ActiveCfg = Release|Any CPU
		{C8FBB7D8-3009-4A20-8B81-2ED1EA76AA11}.Release|Any CPU.Build.0 = Release|Any CPU
	EndGlobalSection
	GlobalSection(SolutionProperties) = preSolution
		HideSolutionNode = FALSE
	EndGlobalSection
	GlobalSection(ExtensibilityGlobals) = postSolution
		SolutionGuid = {5CAA2287-96A3-429E-A42A-9F30484F6B45}
	EndGlobalSection
EndGlobal
